
Microsoft Visual Studio Solution File, Format Version 12.00
# Visual Studio Version 17
VisualStudioVersion = 17.6.33829.357
MinimumVisualStudioVersion = 10.0.40219.1
Project("{9A19103F-16F7-4668-BE54-9A1E7A4F7556}") = "GodotToolkit", "GodotToolkit.csproj", "{FD2BEFC3-755D-4FF6-8F52-EE17895448BE}"
EndProject
Global
	GlobalSection(SolutionConfigurationPlatforms) = preSolution
		Debug|Any CPU = Debug|Any CPU
		Release|Any CPU = Release|Any CPU
	EndGlobalSection
	GlobalSection(ProjectConfigurationPlatforms) = postSolution
		{FD2BEFC3-755D-4FF6-8F52-EE17895448BE}.Debug|Any CPU.ActiveCfg = Debug|Any CPU
		{FD2BEFC3-755D-4FF6-8F52-EE17895448BE}.Debug|Any CPU.Build.0 = Debug|Any CPU
		{FD2BEFC3-755D-4FF6-8F52-EE17895448BE}.Release|Any CPU.ActiveCfg = Release|Any CPU
		{FD2BEFC3-755D-4FF6-8F52-EE17895448BE}.Release|Any CPU.Build.0 = Release|Any CPU
	EndGlobalSection
	GlobalSection(SolutionProperties) = preSolution
		HideSolutionNode = FALSE
	EndGlobalSection
EndGlobal
